// !$*UTF8*$!
{
	archiveVersion = 1;
	classes = {
	};
	objectVersion = 56;
	objects = {

/* Begin PBXBuildFile section */
		402004777F4F8F78D6105CC7 /* Pods_BRCPopUp_SwiftUI.framework in Frameworks */ = {isa = PBXBuildFile; fileRef = 16DE10BBAB5A43FE4E80CCB9 /* Pods_BRCPopUp_SwiftUI.framework */; };
		7A555C2B2C6A1FAA000A7AA7 /* BRCPopUp_SwiftUIApp.swift in Sources */ = {isa = PBXBuildFile; fileRef = 7A555C2A2C6A1FAA000A7AA7 /* BRCPopUp_SwiftUIApp.swift */; };
		7A555C2D2C6A1FAA000A7AA7 /* MainView.swift in Sources */ = {isa = PBXBuildFile; fileRef = 7A555C2C2C6A1FAA000A7AA7 /* MainView.swift */; };
		7A555C2F2C6A1FAC000A7AA7 /* Assets.xcassets in Resources */ = {isa = PBXBuildFile; fileRef = 7A555C2E2C6A1FAC000A7AA7 /* Assets.xcassets */; };
		7A555C322C6A1FAC000A7AA7 /* Preview Assets.xcassets in Resources */ = {isa = PBXBuildFile; fileRef = 7A555C312C6A1FAC000A7AA7 /* Preview Assets.xcassets */; };
		7A9F79162C6E07FC00278356 /* Localizable.strings in Resources */ = {isa = PBXBuildFile; fileRef = 7A9F79182C6E07FC00278356 /* Localizable.strings */; };
		7AF781D92C77483600732723 /* Transition.swift in Sources */ = {isa = PBXBuildFile; fileRef = 7AF781CE2C77483600732723 /* Transition.swift */; };
		7AF781DA2C77483600732723 /* ImageManager.swift in Sources */ = {isa = PBXBuildFile; fileRef = 7AF781CF2C77483600732723 /* ImageManager.swift */; };
		7AF781DB2C77483600732723 /* Indicator.swift in Sources */ = {isa = PBXBuildFile; fileRef = 7AF781D12C77483600732723 /* Indicator.swift */; };
		7AF781DC2C77483600732723 /* .gitkeep in Resources */ = {isa = PBXBuildFile; fileRef = 7AF781D22C77483600732723 /* .gitkeep */; };
		7AF781DD2C77483600732723 /* Image.swift in Sources */ = {isa = PBXBuildFile; fileRef = 7AF781D32C77483600732723 /* Image.swift */; };
		7AF781DE2C77483600732723 /* WebImage.swift in Sources */ = {isa = PBXBuildFile; fileRef = 7AF781D42C77483600732723 /* WebImage.swift */; };
		7AF781DF2C77483600732723 /* AnimatedImage.swift in Sources */ = {isa = PBXBuildFile; fileRef = 7AF781D52C77483600732723 /* AnimatedImage.swift */; };
		7AF781E02C77483600732723 /* SDWebImageSwiftUI.swift in Sources */ = {isa = PBXBuildFile; fileRef = 7AF781D62C77483600732723 /* SDWebImageSwiftUI.swift */; };
		7AF781E12C77483600732723 /* ImagePlayer.swift in Sources */ = {isa = PBXBuildFile; fileRef = 7AF781D72C77483600732723 /* ImagePlayer.swift */; };
		7AF781E22C77483600732723 /* ImageViewWrapper.swift in Sources */ = {isa = PBXBuildFile; fileRef = 7AF781D82C77483600732723 /* ImageViewWrapper.swift */; };
/* End PBXBuildFile section */

/* Begin PBXFileReference section */
		16DE10BBAB5A43FE4E80CCB9 /* Pods_BRCPopUp_SwiftUI.framework */ = {isa = PBXFileReference; explicitFileType = wrapper.framework; includeInIndex = 0; path = Pods_BRCPopUp_SwiftUI.framework; sourceTree = BUILT_PRODUCTS_DIR; };
		2ED192C0E2CEFC1CDE11A3CF /* Pods-BRCPopUp_SwiftUI.release.xcconfig */ = {isa = PBXFileReference; includeInIndex = 1; lastKnownFileType = text.xcconfig; name = "Pods-BRCPopUp_SwiftUI.release.xcconfig"; path = "Target Support Files/Pods-BRCPopUp_SwiftUI/Pods-BRCPopUp_SwiftUI.release.xcconfig"; sourceTree = "<group>"; };
		7A555C272C6A1FAA000A7AA7 /* BRCPopUp_SwiftUI.app */ = {isa = PBXFileReference; explicitFileType = wrapper.application; includeInIndex = 0; path = BRCPopUp_SwiftUI.app; sourceTree = BUILT_PRODUCTS_DIR; };
		7A555C2A2C6A1FAA000A7AA7 /* BRCPopUp_SwiftUIApp.swift */ = {isa = PBXFileReference; lastKnownFileType = sourcecode.swift; path = BRCPopUp_SwiftUIApp.swift; sourceTree = "<group>"; };
		7A555C2C2C6A1FAA000A7AA7 /* MainView.swift */ = {isa = PBXFileReference; lastKnownFileType = sourcecode.swift; path = MainView.swift; sourceTree = "<group>"; };
		7A555C2E2C6A1FAC000A7AA7 /* Assets.xcassets */ = {isa = PBXFileReference; lastKnownFileType = folder.assetcatalog; path = Assets.xcassets; sourceTree = "<group>"; };
		7A555C312C6A1FAC000A7AA7 /* Preview Assets.xcassets */ = {isa = PBXFileReference; lastKnownFileType = folder.assetcatalog; path = "Preview Assets.xcassets"; sourceTree = "<group>"; };
		7A9F79172C6E07FC00278356 /* zh-Hans */ = {isa = PBXFileReference; lastKnownFileType = text.plist.strings; name = "zh-Hans"; path = "zh-Hans.lproj/Localizable.strings"; sourceTree = "<group>"; };
		7A9F79192C6E07FE00278356 /* en */ = {isa = PBXFileReference; lastKnownFileType = text.plist.strings; name = en; path = en.lproj/Localizable.strings; sourceTree = "<group>"; };
		7AF781CE2C77483600732723 /* Transition.swift */ = {isa = PBXFileReference; fileEncoding = 4; lastKnownFileType = sourcecode.swift; path = Transition.swift; sourceTree = "<group>"; };
		7AF781CF2C77483600732723 /* ImageManager.swift */ = {isa = PBXFileReference; fileEncoding = 4; lastKnownFileType = sourcecode.swift; path = ImageManager.swift; sourceTree = "<group>"; };
		7AF781D12C77483600732723 /* Indicator.swift */ = {isa = PBXFileReference; fileEncoding = 4; lastKnownFileType = sourcecode.swift; path = Indicator.swift; sourceTree = "<group>"; };
		7AF781D22C77483600732723 /* .gitkeep */ = {isa = PBXFileReference; fileEncoding = 4; lastKnownFileType = text; path = .gitkeep; sourceTree = "<group>"; };
		7AF781D32C77483600732723 /* Image.swift */ = {isa = PBXFileReference; fileEncoding = 4; lastKnownFileType = sourcecode.swift; path = Image.swift; sourceTree = "<group>"; };
		7AF781D42C77483600732723 /* WebImage.swift */ = {isa = PBXFileReference; fileEncoding = 4; lastKnownFileType = sourcecode.swift; path = WebImage.swift; sourceTree = "<group>"; };
		7AF781D52C77483600732723 /* AnimatedImage.swift */ = {isa = PBXFileReference; fileEncoding = 4; lastKnownFileType = sourcecode.swift; path = AnimatedImage.swift; sourceTree = "<group>"; };
		7AF781D62C77483600732723 /* SDWebImageSwiftUI.swift */ = {isa = PBXFileReference; fileEncoding = 4; lastKnownFileType = sourcecode.swift; path = SDWebImageSwiftUI.swift; sourceTree = "<group>"; };
		7AF781D72C77483600732723 /* ImagePlayer.swift */ = {isa = PBXFileReference; fileEncoding = 4; lastKnownFileType = sourcecode.swift; path = ImagePlayer.swift; sourceTree = "<group>"; };
		7AF781D82C77483600732723 /* ImageViewWrapper.swift */ = {isa = PBXFileReference; fileEncoding = 4; lastKnownFileType = sourcecode.swift; path = ImageViewWrapper.swift; sourceTree = "<group>"; };
		8CDDD24AEB63BEDE86B78399 /* Pods-BRCPopUp_SwiftUI.debug.xcconfig */ = {isa = PBXFileReference; includeInIndex = 1; lastKnownFileType = text.xcconfig; name = "Pods-BRCPopUp_SwiftUI.debug.xcconfig"; path = "Target Support Files/Pods-BRCPopUp_SwiftUI/Pods-BRCPopUp_SwiftUI.debug.xcconfig"; sourceTree = "<group>"; };
/* End PBXFileReference section */

/* Begin PBXFrameworksBuildPhase section */
		7A555C242C6A1FAA000A7AA7 /* Frameworks */ = {
			isa = PBXFrameworksBuildPhase;
			buildActionMask = 2147483647;
			files = (
				402004777F4F8F78D6105CC7 /* Pods_BRCPopUp_SwiftUI.framework in Frameworks */,
			);
			runOnlyForDeploymentPostprocessing = 0;
		};
/* End PBXFrameworksBuildPhase section */

/* Begin PBXGroup section */
		220BA0A9733A62577F035F81 /* Pods */ = {
			isa = PBXGroup;
			children = (
				8CDDD24AEB63BEDE86B78399 /* Pods-BRCPopUp_SwiftUI.debug.xcconfig */,
				2ED192C0E2CEFC1CDE11A3CF /* Pods-BRCPopUp_SwiftUI.release.xcconfig */,
			);
			path = Pods;
			sourceTree = "<group>";
		};
		4F91095E0C906A439FC42425 /* Frameworks */ = {
			isa = PBXGroup;
			children = (
				16DE10BBAB5A43FE4E80CCB9 /* Pods_BRCPopUp_SwiftUI.framework */,
			);
			name = Frameworks;
			sourceTree = "<group>";
		};
		7A555C1E2C6A1FAA000A7AA7 = {
			isa = PBXGroup;
			children = (
				7A555C292C6A1FAA000A7AA7 /* BRCPopUp_SwiftUI */,
				7A555C282C6A1FAA000A7AA7 /* Products */,
				220BA0A9733A62577F035F81 /* Pods */,
				4F91095E0C906A439FC42425 /* Frameworks */,
			);
			sourceTree = "<group>";
		};
		7A555C282C6A1FAA000A7AA7 /* Products */ = {
			isa = PBXGroup;
			children = (
				7A555C272C6A1FAA000A7AA7 /* BRCPopUp_SwiftUI.app */,
			);
			name = Products;
			sourceTree = "<group>";
		};
		7A555C292C6A1FAA000A7AA7 /* BRCPopUp_SwiftUI */ = {
			isa = PBXGroup;
			children = (
				7A555C2A2C6A1FAA000A7AA7 /* BRCPopUp_SwiftUIApp.swift */,
				7A555C2C2C6A1FAA000A7AA7 /* MainView.swift */,
				7AF781CC2C77483600732723 /* Classes */,
				7A9F79182C6E07FC00278356 /* Localizable.strings */,
				7A555C2E2C6A1FAC000A7AA7 /* Assets.xcassets */,
				7A555C302C6A1FAC000A7AA7 /* Preview Content */,
			);
			path = BRCPopUp_SwiftUI;
			sourceTree = "<group>";
		};
		7A555C302C6A1FAC000A7AA7 /* Preview Content */ = {
			isa = PBXGroup;
			children = (
				7A555C312C6A1FAC000A7AA7 /* Preview Assets.xcassets */,
			);
			path = "Preview Content";
			sourceTree = "<group>";
		};
		7AF781CC2C77483600732723 /* Classes */ = {
			isa = PBXGroup;
			children = (
				7AF781CD2C77483600732723 /* Transition */,
				7AF781CF2C77483600732723 /* ImageManager.swift */,
				7AF781D02C77483600732723 /* Indicator */,
				7AF781D22C77483600732723 /* .gitkeep */,
				7AF781D32C77483600732723 /* Image.swift */,
				7AF781D42C77483600732723 /* WebImage.swift */,
				7AF781D52C77483600732723 /* AnimatedImage.swift */,
				7AF781D62C77483600732723 /* SDWebImageSwiftUI.swift */,
				7AF781D72C77483600732723 /* ImagePlayer.swift */,
				7AF781D82C77483600732723 /* ImageViewWrapper.swift */,
			);
			path = Classes;
			sourceTree = "<group>";
		};
		7AF781CD2C77483600732723 /* Transition */ = {
			isa = PBXGroup;
			children = (
				7AF781CE2C77483600732723 /* Transition.swift */,
			);
			path = Transition;
			sourceTree = "<group>";
		};
		7AF781D02C77483600732723 /* Indicator */ = {
			isa = PBXGroup;
			children = (
				7AF781D12C77483600732723 /* Indicator.swift */,
			);
			path = Indicator;
			sourceTree = "<group>";
		};
/* End PBXGroup section */

/* Begin PBXNativeTarget section */
		7A555C262C6A1FAA000A7AA7 /* BRCPopUp_SwiftUI */ = {
			isa = PBXNativeTarget;
			buildConfigurationList = 7A555C352C6A1FAC000A7AA7 /* Build configuration list for PBXNativeTarget "BRCPopUp_SwiftUI" */;
			buildPhases = (
				A702E0EF061565D8CE7AA75F /* [CP] Check Pods Manifest.lock */,
				7A555C232C6A1FAA000A7AA7 /* Sources */,
				7A555C242C6A1FAA000A7AA7 /* Frameworks */,
				7A555C252C6A1FAA000A7AA7 /* Resources */,
				EA6D6C38AA8A397BD7F4C057 /* [CP] Embed Pods Frameworks */,
			);
			buildRules = (
			);
			dependencies = (
			);
			name = BRCPopUp_SwiftUI;
			productName = BRCPopUp_SwiftUI;
			productReference = 7A555C272C6A1FAA000A7AA7 /* BRCPopUp_SwiftUI.app */;
			productType = "com.apple.product-type.application";
		};
/* End PBXNativeTarget section */

/* Begin PBXProject section */
		7A555C1F2C6A1FAA000A7AA7 /* Project object */ = {
			isa = PBXProject;
			attributes = {
				BuildIndependentTargetsInParallel = 1;
				LastSwiftUpdateCheck = 1500;
				LastUpgradeCheck = 1500;
				TargetAttributes = {
					7A555C262C6A1FAA000A7AA7 = {
						CreatedOnToolsVersion = 15.0;
					};
				};
			};
			buildConfigurationList = 7A555C222C6A1FAA000A7AA7 /* Build configuration list for PBXProject "BRCPopUp_SwiftUI" */;
			compatibilityVersion = "Xcode 14.0";
			developmentRegion = "zh-Hans";
			hasScannedForEncodings = 0;
			knownRegions = (
				en,
				Base,
				"zh-Hans",
			);
			mainGroup = 7A555C1E2C6A1FAA000A7AA7;
			productRefGroup = 7A555C282C6A1FAA000A7AA7 /* Products */;
			projectDirPath = "";
			projectRoot = "";
			targets = (
				7A555C262C6A1FAA000A7AA7 /* BRCPopUp_SwiftUI */,
			);
		};
/* End PBXProject section */

/* Begin PBXResourcesBuildPhase section */
		7A555C252C6A1FAA000A7AA7 /* Resources */ = {
			isa = PBXResourcesBuildPhase;
			buildActionMask = 2147483647;
			files = (
				7A555C322C6A1FAC000A7AA7 /* Preview Assets.xcassets in Resources */,
				7A9F79162C6E07FC00278356 /* Localizable.strings in Resources */,
				7A555C2F2C6A1FAC000A7AA7 /* Assets.xcassets in Resources */,
				7AF781DC2C77483600732723 /* .gitkeep in Resources */,
			);
			runOnlyForDeploymentPostprocessing = 0;
		};
/* End PBXResourcesBuildPhase section */

/* Begin PBXShellScriptBuildPhase section */
		A702E0EF061565D8CE7AA75F /* [CP] Check Pods Manifest.lock */ = {
			isa = PBXShellScriptBuildPhase;
			buildActionMask = 2147483647;
			files = (
			);
			inputFileListPaths = (
			);
			inputPaths = (
				"${PODS_PODFILE_DIR_PATH}/Podfile.lock",
				"${PODS_ROOT}/Manifest.lock",
			);
			name = "[CP] Check Pods Manifest.lock";
			outputFileListPaths = (
			);
			outputPaths = (
				"$(DERIVED_FILE_DIR)/Pods-BRCPopUp_SwiftUI-checkManifestLockResult.txt",
			);
			runOnlyForDeploymentPostprocessing = 0;
			shellPath = /bin/sh;
			shellScript = "diff \"${PODS_PODFILE_DIR_PATH}/Podfile.lock\" \"${PODS_ROOT}/Manifest.lock\" > /dev/null\nif [ $? != 0 ] ; then\n    # print error to STDERR\n    echo \"error: The sandbox is not in sync with the Podfile.lock. Run 'pod install' or update your CocoaPods installation.\" >&2\n    exit 1\nfi\n# This output is used by Xcode 'outputs' to avoid re-running this script phase.\necho \"SUCCESS\" > \"${SCRIPT_OUTPUT_FILE_0}\"\n";
			showEnvVarsInLog = 0;
		};
		EA6D6C38AA8A397BD7F4C057 /* [CP] Embed Pods Frameworks */ = {
			isa = PBXShellScriptBuildPhase;
			buildActionMask = 2147483647;
			files = (
			);
			inputFileListPaths = (
				"${PODS_ROOT}/Target Support Files/Pods-BRCPopUp_SwiftUI/Pods-BRCPopUp_SwiftUI-frameworks-${CONFIGURATION}-input-files.xcfilelist",
			);
			name = "[CP] Embed Pods Frameworks";
			outputFileListPaths = (
				"${PODS_ROOT}/Target Support Files/Pods-BRCPopUp_SwiftUI/Pods-BRCPopUp_SwiftUI-frameworks-${CONFIGURATION}-output-files.xcfilelist",
			);
			runOnlyForDeploymentPostprocessing = 0;
			shellPath = /bin/sh;
			shellScript = "\"${PODS_ROOT}/Target Support Files/Pods-BRCPopUp_SwiftUI/Pods-BRCPopUp_SwiftUI-frameworks.sh\"\n";
			showEnvVarsInLog = 0;
		};
/* End PBXShellScriptBuildPhase section */

/* Begin PBXSourcesBuildPhase section */
		7A555C232C6A1FAA000A7AA7 /* Sources */ = {
			isa = PBXSourcesBuildPhase;
			buildActionMask = 2147483647;
			files = (
				7AF781DE2C77483600732723 /* WebImage.swift in Sources */,
				7AF781D92C77483600732723 /* Transition.swift in Sources */,
				7AF781DD2C77483600732723 /* Image.swift in Sources */,
				7A555C2D2C6A1FAA000A7AA7 /* MainView.swift in Sources */,
				7AF781E22C77483600732723 /* ImageViewWrapper.swift in Sources */,
				7AF781E12C77483600732723 /* ImagePlayer.swift in Sources */,
				7AF781DF2C77483600732723 /* AnimatedImage.swift in Sources */,
				7AF781E02C77483600732723 /* SDWebImageSwiftUI.swift in Sources */,
				7A555C2B2C6A1FAA000A7AA7 /* BRCPopUp_SwiftUIApp.swift in Sources */,
				7AF781DB2C77483600732723 /* Indicator.swift in Sources */,
				7AF781DA2C77483600732723 /* ImageManager.swift in Sources */,
			);
			runOnlyForDeploymentPostprocessing = 0;
		};
/* End PBXSourcesBuildPhase section */

/* Begin PBXVariantGroup section */
		7A9F79182C6E07FC00278356 /* Localizable.strings */ = {
			isa = PBXVariantGroup;
			children = (
				7A9F79172C6E07FC00278356 /* zh-Hans */,
				7A9F79192C6E07FE00278356 /* en */,
			);
			name = Localizable.strings;
			sourceTree = "<group>";
		};
/* End PBXVariantGroup section */

/* Begin XCBuildConfiguration section */
		7A555C332C6A1FAC000A7AA7 /* Debug */ = {
			isa = XCBuildConfiguration;
			buildSettings = {
				ALWAYS_SEARCH_USER_PATHS = NO;
				ASSETCATALOG_COMPILER_GENERATE_SWIFT_ASSET_SYMBOL_EXTENSIONS = YES;
				CLANG_ANALYZER_NONNULL = YES;
				CLANG_ANALYZER_NUMBER_OBJECT_CONVERSION = YES_AGGRESSIVE;
				CLANG_CXX_LANGUAGE_STANDARD = "gnu++20";
				CLANG_ENABLE_MODULES = YES;
				CLANG_ENABLE_OBJC_ARC = YES;
				CLANG_ENABLE_OBJC_WEAK = YES;
				CLANG_WARN_BLOCK_CAPTURE_AUTORELEASING = YES;
				CLANG_WARN_BOOL_CONVERSION = YES;
				CLANG_WARN_COMMA = YES;
				CLANG_WARN_CONSTANT_CONVERSION = YES;
				CLANG_WARN_DEPRECATED_OBJC_IMPLEMENTATIONS = YES;
				CLANG_WARN_DIRECT_OBJC_ISA_USAGE = YES_ERROR;
				CLANG_WARN_DOCUMENTATION_COMMENTS = YES;
				CLANG_WARN_EMPTY_BODY = YES;
				CLANG_WARN_ENUM_CONVERSION = YES;
				CLANG_WARN_INFINITE_RECURSION = YES;
				CLANG_WARN_INT_CONVERSION = YES;
				CLANG_WARN_NON_LITERAL_NULL_CONVERSION = YES;
				CLANG_WARN_OBJC_IMPLICIT_RETAIN_SELF = YES;
				CLANG_WARN_OBJC_LITERAL_CONVERSION = YES;
				CLANG_WARN_OBJC_ROOT_CLASS = YES_ERROR;
				CLANG_WARN_QUOTED_INCLUDE_IN_FRAMEWORK_HEADER = YES;
				CLANG_WARN_RANGE_LOOP_ANALYSIS = YES;
				CLANG_WARN_STRICT_PROTOTYPES = YES;
				CLANG_WARN_SUSPICIOUS_MOVE = YES;
				CLANG_WARN_UNGUARDED_AVAILABILITY = YES_AGGRESSIVE;
				CLANG_WARN_UNREACHABLE_CODE = YES;
				CLANG_WARN__DUPLICATE_METHOD_MATCH = YES;
				COPY_PHASE_STRIP = NO;
				DEBUG_INFORMATION_FORMAT = dwarf;
				ENABLE_STRICT_OBJC_MSGSEND = YES;
				ENABLE_TESTABILITY = YES;
				ENABLE_USER_SCRIPT_SANDBOXING = YES;
				GCC_C_LANGUAGE_STANDARD = gnu17;
				GCC_DYNAMIC_NO_PIC = NO;
				GCC_NO_COMMON_BLOCKS = YES;
				GCC_OPTIMIZATION_LEVEL = 0;
				GCC_PREPROCESSOR_DEFINITIONS = (
					"DEBUG=1",
					"$(inherited)",
				);
				GCC_WARN_64_TO_32_BIT_CONVERSION = YES;
				GCC_WARN_ABOUT_RETURN_TYPE = YES_ERROR;
				GCC_WARN_UNDECLARED_SELECTOR = YES;
				GCC_WARN_UNINITIALIZED_AUTOS = YES_AGGRESSIVE;
				GCC_WARN_UNUSED_FUNCTION = YES;
				GCC_WARN_UNUSED_VARIABLE = YES;
				IPHONEOS_DEPLOYMENT_TARGET = 15.0;
				LOCALIZATION_PREFERS_STRING_CATALOGS = YES;
				MTL_ENABLE_DEBUG_INFO = INCLUDE_SOURCE;
				MTL_FAST_MATH = YES;
				ONLY_ACTIVE_ARCH = YES;
				SDKROOT = iphoneos;
				SWIFT_ACTIVE_COMPILATION_CONDITIONS = "DEBUG $(inherited)";
				SWIFT_OPTIMIZATION_LEVEL = "-Onone";
			};
			name = Debug;
		};
		7A555C342C6A1FAC000A7AA7 /* Release */ = {
			isa = XCBuildConfiguration;
			buildSettings = {
				ALWAYS_SEARCH_USER_PATHS = NO;
				ASSETCATALOG_COMPILER_GENERATE_SWIFT_ASSET_SYMBOL_EXTENSIONS = YES;
				CLANG_ANALYZER_NONNULL = YES;
				CLANG_ANALYZER_NUMBER_OBJECT_CONVERSION = YES_AGGRESSIVE;
				CLANG_CXX_LANGUAGE_STANDARD = "gnu++20";
				CLANG_ENABLE_MODULES = YES;
				CLANG_ENABLE_OBJC_ARC = YES;
				CLANG_ENABLE_OBJC_WEAK = YES;
				CLANG_WARN_BLOCK_CAPTURE_AUTORELEASING = YES;
				CLANG_WARN_BOOL_CONVERSION = YES;
				CLANG_WARN_COMMA = YES;
				CLANG_WARN_CONSTANT_CONVERSION = YES;
				CLANG_WARN_DEPRECATED_OBJC_IMPLEMENTATIONS = YES;
				CLANG_WARN_DIRECT_OBJC_ISA_USAGE = YES_ERROR;
				CLANG_WARN_DOCUMENTATION_COMMENTS = YES;
				CLANG_WARN_EMPTY_BODY = YES;
				CLANG_WARN_ENUM_CONVERSION = YES;
				CLANG_WARN_INFINITE_RECURSION = YES;
				CLANG_WARN_INT_CONVERSION = YES;
				CLANG_WARN_NON_LITERAL_NULL_CONVERSION = YES;
				CLANG_WARN_OBJC_IMPLICIT_RETAIN_SELF = YES;
				CLANG_WARN_OBJC_LITERAL_CONVERSION = YES;
				CLANG_WARN_OBJC_ROOT_CLASS = YES_ERROR;
				CLANG_WARN_QUOTED_INCLUDE_IN_FRAMEWORK_HEADER = YES;
				CLANG_WARN_RANGE_LOOP_ANALYSIS = YES;
				CLANG_WARN_STRICT_PROTOTYPES = YES;
				CLANG_WARN_SUSPICIOUS_MOVE = YES;
				CLANG_WARN_UNGUARDED_AVAILABILITY = YES_AGGRESSIVE;
				CLANG_WARN_UNREACHABLE_CODE = YES;
				CLANG_WARN__DUPLICATE_METHOD_MATCH = YES;
				COPY_PHASE_STRIP = NO;
				DEBUG_INFORMATION_FORMAT = "dwarf-with-dsym";
				ENABLE_NS_ASSERTIONS = NO;
				ENABLE_STRICT_OBJC_MSGSEND = YES;
				ENABLE_USER_SCRIPT_SANDBOXING = YES;
				GCC_C_LANGUAGE_STANDARD = gnu17;
				GCC_NO_COMMON_BLOCKS = YES;
				GCC_WARN_64_TO_32_BIT_CONVERSION = YES;
				GCC_WARN_ABOUT_RETURN_TYPE = YES_ERROR;
				GCC_WARN_UNDECLARED_SELECTOR = YES;
				GCC_WARN_UNINITIALIZED_AUTOS = YES_AGGRESSIVE;
				GCC_WARN_UNUSED_FUNCTION = YES;
				GCC_WARN_UNUSED_VARIABLE = YES;
				IPHONEOS_DEPLOYMENT_TARGET = 15.0;
				LOCALIZATION_PREFERS_STRING_CATALOGS = YES;
				MTL_ENABLE_DEBUG_INFO = NO;
				MTL_FAST_MATH = YES;
				SDKROOT = iphoneos;
				SWIFT_COMPILATION_MODE = wholemodule;
				VALIDATE_PRODUCT = YES;
			};
			name = Release;
		};
		7A555C362C6A1FAC000A7AA7 /* Debug */ = {
			isa = XCBuildConfiguration;
			baseConfigurationReference = 8CDDD24AEB63BEDE86B78399 /* Pods-BRCPopUp_SwiftUI.debug.xcconfig */;
			buildSettings = {
				ASSETCATALOG_COMPILER_APPICON_NAME = AppIcon;
				ASSETCATALOG_COMPILER_GLOBAL_ACCENT_COLOR_NAME = AccentColor;
				CODE_SIGN_STYLE = Automatic;
				CURRENT_PROJECT_VERSION = 1;
				DEVELOPMENT_ASSET_PATHS = "\"BRCPopUp_SwiftUI/Preview Content\"";
				DEVELOPMENT_TEAM = TR8685W29A;
				ENABLE_PREVIEWS = YES;
				ENABLE_USER_SCRIPT_SANDBOXING = NO;
				GENERATE_INFOPLIST_FILE = YES;
				INFOPLIST_KEY_UIApplicationSceneManifest_Generation = YES;
				INFOPLIST_KEY_UIApplicationSupportsIndirectInputEvents = YES;
				INFOPLIST_KEY_UILaunchScreen_Generation = YES;
				INFOPLIST_KEY_UISupportedInterfaceOrientations_iPad = "UIInterfaceOrientationPortrait UIInterfaceOrientationPortraitUpsideDown UIInterfaceOrientationLandscapeLeft UIInterfaceOrientationLandscapeRight";
				INFOPLIST_KEY_UISupportedInterfaceOrientations_iPhone = "UIInterfaceOrientationPortrait UIInterfaceOrientationLandscapeLeft UIInterfaceOrientationLandscapeRight";
				LD_RUNPATH_SEARCH_PATHS = (
					"$(inherited)",
					"@executable_path/Frameworks",
				);
				MARKETING_VERSION = 1.0;
				PRODUCT_BUNDLE_IDENTIFIER = "jaychou.BRCPopUp-SwiftUI";
				PRODUCT_NAME = "$(TARGET_NAME)";
				SWIFT_EMIT_LOC_STRINGS = YES;
				SWIFT_VERSION = 5.0;
				TARGETED_DEVICE_FAMILY = "1,2";
			};
			name = Debug;
		};
		7A555C372C6A1FAC000A7AA7 /* Release */ = {
			isa = XCBuildConfiguration;
			baseConfigurationReference = 2ED192C0E2CEFC1CDE11A3CF /* Pods-BRCPopUp_SwiftUI.release.xcconfig */;
			buildSettings = {
				ASSETCATALOG_COMPILER_APPICON_NAME = AppIcon;
				ASSETCATALOG_COMPILER_GLOBAL_ACCENT_COLOR_NAME = AccentColor;
				CODE_SIGN_STYLE = Automatic;
				CURRENT_PROJECT_VERSION = 1;
				DEVELOPMENT_ASSET_PATHS = "\"BRCPopUp_SwiftUI/Preview Content\"";
				DEVELOPMENT_TEAM = TR8685W29A;
				ENABLE_PREVIEWS = YES;
				ENABLE_USER_SCRIPT_SANDBOXING = NO;
				GENERATE_INFOPLIST_FILE = YES;
				INFOPLIST_KEY_UIApplicationSceneManifest_Generation = YES;
				INFOPLIST_KEY_UIApplicationSupportsIndirectInputEvents = YES;
				INFOPLIST_KEY_UILaunchScreen_Generation = YES;
				INFOPLIST_KEY_UISupportedInterfaceOrientations_iPad = "UIInterfaceOrientationPortrait UIInterfaceOrientationPortraitUpsideDown UIInterfaceOrientationLandscapeLeft UIInterfaceOrientationLandscapeRight";
				INFOPLIST_KEY_UISupportedInterfaceOrientations_iPhone = "UIInterfaceOrientationPortrait UIInterfaceOrientationLandscapeLeft UIInterfaceOrientationLandscapeRight";
				LD_RUNPATH_SEARCH_PATHS = (
					"$(inherited)",
					"@executable_path/Frameworks",
				);
				MARKETING_VERSION = 1.0;
				PRODUCT_BUNDLE_IDENTIFIER = "jaychou.BRCPopUp-SwiftUI";
				PRODUCT_NAME = "$(TARGET_NAME)";
				SWIFT_EMIT_LOC_STRINGS = YES;
				SWIFT_VERSION = 5.0;
				TARGETED_DEVICE_FAMILY = "1,2";
			};
			name = Release;
		};
/* End XCBuildConfiguration section */

/* Begin XCConfigurationList section */
		7A555C222C6A1FAA000A7AA7 /* Build configuration list for PBXProject "BRCPopUp_SwiftUI" */ = {
			isa = XCConfigurationList;
			buildConfigurations = (
				7A555C332C6A1FAC000A7AA7 /* Debug */,
				7A555C342C6A1FAC000A7AA7 /* Release */,
			);
			defaultConfigurationIsVisible = 0;
			defaultConfigurationName = Release;
		};
		7A555C352C6A1FAC000A7AA7 /* Build configuration list for PBXNativeTarget "BRCPopUp_SwiftUI" */ = {
			isa = XCConfigurationList;
			buildConfigurations = (
				7A555C362C6A1FAC000A7AA7 /* Debug */,
				7A555C372C6A1FAC000A7AA7 /* Release */,
			);
			defaultConfigurationIsVisible = 0;
			defaultConfigurationName = Release;
		};
/* End XCConfigurationList section */
	};
	rootObject = 7A555C1F2C6A1FAA000A7AA7 /* Project object */;
}
