// !$*UTF8*$!
{
	archiveVersion = 1;
	classes = {
	};
	objectVersion = 56;
	objects = {

/* Begin PBXBuildFile section */
		7AB724C52C5F435C0042184A /* AppDelegate.swift in Sources */ = {isa = PBXBuildFile; fileRef = 7AB724C42C5F435C0042184A /* AppDelegate.swift */; };
		7AB724C72C5F435C0042184A /* SceneDelegate.swift in Sources */ = {isa = PBXBuildFile; fileRef = 7AB724C62C5F435C0042184A /* SceneDelegate.swift */; };
		7AB724C92C5F435C0042184A /* ViewController.swift in Sources */ = {isa = PBXBuildFile; fileRef = 7AB724C82C5F435C0042184A /* ViewController.swift */; };
		7AB724CC2C5F435C0042184A /* Main.storyboard in Resources */ = {isa = PBXBuildFile; fileRef = 7AB724CA2C5F435C0042184A /* Main.storyboard */; };
		7AB724CE2C5F435E0042184A /* Assets.xcassets in Resources */ = {isa = PBXBuildFile; fileRef = 7AB724CD2C5F435E0042184A /* Assets.xcassets */; };
		7AB724D12C5F435E0042184A /* LaunchScreen.storyboard in Resources */ = {isa = PBXBuildFile; fileRef = 7AB724CF2C5F435E0042184A /* LaunchScreen.storyboard */; };
		7AB724D92C5F4B1C0042184A /* BRCConst.swift in Sources */ = {isa = PBXBuildFile; fileRef = 7AB724D82C5F4B1C0042184A /* BRCConst.swift */; };
		99208327AF9D3AE93076422F /* Pods_BRCPopUp_Swift.framework in Frameworks */ = {isa = PBXBuildFile; fileRef = BFF979C96BF13C8102165337 /* Pods_BRCPopUp_Swift.framework */; };
/* End PBXBuildFile section */

/* Begin PBXFileReference section */
		75770BE9EB850106B3A57C32 /* Pods-BRCPopUp_Swift.release.xcconfig */ = {isa = PBXFileReference; includeInIndex = 1; lastKnownFileType = text.xcconfig; name = "Pods-BRCPopUp_Swift.release.xcconfig"; path = "Target Support Files/Pods-BRCPopUp_Swift/Pods-BRCPopUp_Swift.release.xcconfig"; sourceTree = "<group>"; };
		7AB724C12C5F435C0042184A /* BRCPopUp_Swift.app */ = {isa = PBXFileReference; explicitFileType = wrapper.application; includeInIndex = 0; path = BRCPopUp_Swift.app; sourceTree = BUILT_PRODUCTS_DIR; };
		7AB724C42C5F435C0042184A /* AppDelegate.swift */ = {isa = PBXFileReference; lastKnownFileType = sourcecode.swift; path = AppDelegate.swift; sourceTree = "<group>"; };
		7AB724C62C5F435C0042184A /* SceneDelegate.swift */ = {isa = PBXFileReference; lastKnownFileType = sourcecode.swift; path = SceneDelegate.swift; sourceTree = "<group>"; };
		7AB724C82C5F435C0042184A /* ViewController.swift */ = {isa = PBXFileReference; lastKnownFileType = sourcecode.swift; path = ViewController.swift; sourceTree = "<group>"; };
		7AB724CB2C5F435C0042184A /* Base */ = {isa = PBXFileReference; lastKnownFileType = file.storyboard; name = Base; path = Base.lproj/Main.storyboard; sourceTree = "<group>"; };
		7AB724CD2C5F435E0042184A /* Assets.xcassets */ = {isa = PBXFileReference; lastKnownFileType = folder.assetcatalog; path = Assets.xcassets; sourceTree = "<group>"; };
		7AB724D02C5F435E0042184A /* Base */ = {isa = PBXFileReference; lastKnownFileType = file.storyboard; name = Base; path = Base.lproj/LaunchScreen.storyboard; sourceTree = "<group>"; };
		7AB724D22C5F435E0042184A /* Info.plist */ = {isa = PBXFileReference; lastKnownFileType = text.plist.xml; path = Info.plist; sourceTree = "<group>"; };
		7AB724D82C5F4B1C0042184A /* BRCConst.swift */ = {isa = PBXFileReference; lastKnownFileType = sourcecode.swift; path = BRCConst.swift; sourceTree = "<group>"; };
		7EF25D5DD08C687945B83EA8 /* Pods-BRCPopUp_Swift.debug.xcconfig */ = {isa = PBXFileReference; includeInIndex = 1; lastKnownFileType = text.xcconfig; name = "Pods-BRCPopUp_Swift.debug.xcconfig"; path = "Target Support Files/Pods-BRCPopUp_Swift/Pods-BRCPopUp_Swift.debug.xcconfig"; sourceTree = "<group>"; };
		BFF979C96BF13C8102165337 /* Pods_BRCPopUp_Swift.framework */ = {isa = PBXFileReference; explicitFileType = wrapper.framework; includeInIndex = 0; path = Pods_BRCPopUp_Swift.framework; sourceTree = BUILT_PRODUCTS_DIR; };
/* End PBXFileReference section */

/* Begin PBXFrameworksBuildPhase section */
		7AB724BE2C5F435C0042184A /* Frameworks */ = {
			isa = PBXFrameworksBuildPhase;
			buildActionMask = 2147483647;
			files = (
				99208327AF9D3AE93076422F /* Pods_BRCPopUp_Swift.framework in Frameworks */,
			);
			runOnlyForDeploymentPostprocessing = 0;
		};
/* End PBXFrameworksBuildPhase section */

/* Begin PBXGroup section */
		25E64C7CF0C1266B287DF86A /* Pods */ = {
			isa = PBXGroup;
			children = (
				7EF25D5DD08C687945B83EA8 /* Pods-BRCPopUp_Swift.debug.xcconfig */,
				75770BE9EB850106B3A57C32 /* Pods-BRCPopUp_Swift.release.xcconfig */,
			);
			path = Pods;
			sourceTree = "<group>";
		};
		7AB724B82C5F435C0042184A = {
			isa = PBXGroup;
			children = (
				7AB724C32C5F435C0042184A /* BRCPopUp_Swift */,
				7AB724C22C5F435C0042184A /* Products */,
				25E64C7CF0C1266B287DF86A /* Pods */,
				E546197E396EC6E0B701F197 /* Frameworks */,
			);
			sourceTree = "<group>";
		};
		7AB724C22C5F435C0042184A /* Products */ = {
			isa = PBXGroup;
			children = (
				7AB724C12C5F435C0042184A /* BRCPopUp_Swift.app */,
			);
			name = Products;
			sourceTree = "<group>";
		};
		7AB724C32C5F435C0042184A /* BRCPopUp_Swift */ = {
			isa = PBXGroup;
			children = (
				7AB724C42C5F435C0042184A /* AppDelegate.swift */,
				7AB724C62C5F435C0042184A /* SceneDelegate.swift */,
				7AB724C82C5F435C0042184A /* ViewController.swift */,
				7AB724D82C5F4B1C0042184A /* BRCConst.swift */,
				7AB724CA2C5F435C0042184A /* Main.storyboard */,
				7AB724CD2C5F435E0042184A /* Assets.xcassets */,
				7AB724CF2C5F435E0042184A /* LaunchScreen.storyboard */,
				7AB724D22C5F435E0042184A /* Info.plist */,
			);
			path = BRCPopUp_Swift;
			sourceTree = "<group>";
		};
		E546197E396EC6E0B701F197 /* Frameworks */ = {
			isa = PBXGroup;
			children = (
				BFF979C96BF13C8102165337 /* Pods_BRCPopUp_Swift.framework */,
			);
			name = Frameworks;
			sourceTree = "<group>";
		};
/* End PBXGroup section */

/* Begin PBXNativeTarget section */
		7AB724C02C5F435C0042184A /* BRCPopUp_Swift */ = {
			isa = PBXNativeTarget;
			buildConfigurationList = 7AB724D52C5F435E0042184A /* Build configuration list for PBXNativeTarget "BRCPopUp_Swift" */;
			buildPhases = (
				099F5341AF15DE18A7780B6C /* [CP] Check Pods Manifest.lock */,
				7AB724BD2C5F435C0042184A /* Sources */,
				7AB724BE2C5F435C0042184A /* Frameworks */,
				7AB724BF2C5F435C0042184A /* Resources */,
				5B3429FEAEC145DB2F3B847D /* [CP] Embed Pods Frameworks */,
			);
			buildRules = (
			);
			dependencies = (
			);
			name = BRCPopUp_Swift;
			productName = BRCPopUp_Swift;
			productReference = 7AB724C12C5F435C0042184A /* BRCPopUp_Swift.app */;
			productType = "com.apple.product-type.application";
		};
/* End PBXNativeTarget section */

/* Begin PBXProject section */
		7AB724B92C5F435C0042184A /* Project object */ = {
			isa = PBXProject;
			attributes = {
				BuildIndependentTargetsInParallel = 1;
				LastSwiftUpdateCheck = 1500;
				LastUpgradeCheck = 1500;
				TargetAttributes = {
					7AB724C02C5F435C0042184A = {
						CreatedOnToolsVersion = 15.0;
					};
				};
			};
			buildConfigurationList = 7AB724BC2C5F435C0042184A /* Build configuration list for PBXProject "BRCPopUp_Swift" */;
			compatibilityVersion = "Xcode 14.0";
			developmentRegion = en;
			hasScannedForEncodings = 0;
			knownRegions = (
				en,
				Base,
			);
			mainGroup = 7AB724B82C5F435C0042184A;
			productRefGroup = 7AB724C22C5F435C0042184A /* Products */;
			projectDirPath = "";
			projectRoot = "";
			targets = (
				7AB724C02C5F435C0042184A /* BRCPopUp_Swift */,
			);
		};
/* End PBXProject section */

/* Begin PBXResourcesBuildPhase section */
		7AB724BF2C5F435C0042184A /* Resources */ = {
			isa = PBXResourcesBuildPhase;
			buildActionMask = 2147483647;
			files = (
				7AB724D12C5F435E0042184A /* LaunchScreen.storyboard in Resources */,
				7AB724CE2C5F435E0042184A /* Assets.xcassets in Resources */,
				7AB724CC2C5F435C0042184A /* Main.storyboard in Resources */,
			);
			runOnlyForDeploymentPostprocessing = 0;
		};
/* End PBXResourcesBuildPhase section */

/* Begin PBXShellScriptBuildPhase section */
		099F5341AF15DE18A7780B6C /* [CP] Check Pods Manifest.lock */ = {
			isa = PBXShellScriptBuildPhase;
			buildActionMask = 2147483647;
			files = (
			);
			inputFileListPaths = (
			);
			inputPaths = (
				"${PODS_PODFILE_DIR_PATH}/Podfile.lock",
				"${PODS_ROOT}/Manifest.lock",
			);
			name = "[CP] Check Pods Manifest.lock";
			outputFileListPaths = (
			);
			outputPaths = (
				"$(DERIVED_FILE_DIR)/Pods-BRCPopUp_Swift-checkManifestLockResult.txt",
			);
			runOnlyForDeploymentPostprocessing = 0;
			shellPath = /bin/sh;
			shellScript = "diff \"${PODS_PODFILE_DIR_PATH}/Podfile.lock\" \"${PODS_ROOT}/Manifest.lock\" > /dev/null\nif [ $? != 0 ] ; then\n    # print error to STDERR\n    echo \"error: The sandbox is not in sync with the Podfile.lock. Run 'pod install' or update your CocoaPods installation.\" >&2\n    exit 1\nfi\n# This output is used by Xcode 'outputs' to avoid re-running this script phase.\necho \"SUCCESS\" > \"${SCRIPT_OUTPUT_FILE_0}\"\n";
			showEnvVarsInLog = 0;
		};
		5B3429FEAEC145DB2F3B847D /* [CP] Embed Pods Frameworks */ = {
			isa = PBXShellScriptBuildPhase;
			buildActionMask = 2147483647;
			files = (
			);
			inputFileListPaths = (
				"${PODS_ROOT}/Target Support Files/Pods-BRCPopUp_Swift/Pods-BRCPopUp_Swift-frameworks-${CONFIGURATION}-input-files.xcfilelist",
			);
			name = "[CP] Embed Pods Frameworks";
			outputFileListPaths = (
				"${PODS_ROOT}/Target Support Files/Pods-BRCPopUp_Swift/Pods-BRCPopUp_Swift-frameworks-${CONFIGURATION}-output-files.xcfilelist",
			);
			runOnlyForDeploymentPostprocessing = 0;
			shellPath = /bin/sh;
			shellScript = "\"${PODS_ROOT}/Target Support Files/Pods-BRCPopUp_Swift/Pods-BRCPopUp_Swift-frameworks.sh\"\n";
			showEnvVarsInLog = 0;
		};
/* End PBXShellScriptBuildPhase section */

/* Begin PBXSourcesBuildPhase section */
		7AB724BD2C5F435C0042184A /* Sources */ = {
			isa = PBXSourcesBuildPhase;
			buildActionMask = 2147483647;
			files = (
				7AB724C92C5F435C0042184A /* ViewController.swift in Sources */,
				7AB724C52C5F435C0042184A /* AppDelegate.swift in Sources */,
				7AB724C72C5F435C0042184A /* SceneDelegate.swift in Sources */,
				7AB724D92C5F4B1C0042184A /* BRCConst.swift in Sources */,
			);
			runOnlyForDeploymentPostprocessing = 0;
		};
/* End PBXSourcesBuildPhase section */

/* Begin PBXVariantGroup section */
		7AB724CA2C5F435C0042184A /* Main.storyboard */ = {
			isa = PBXVariantGroup;
			children = (
				7AB724CB2C5F435C0042184A /* Base */,
			);
			name = Main.storyboard;
			sourceTree = "<group>";
		};
		7AB724CF2C5F435E0042184A /* LaunchScreen.storyboard */ = {
			isa = PBXVariantGroup;
			children = (
				7AB724D02C5F435E0042184A /* Base */,
			);
			name = LaunchScreen.storyboard;
			sourceTree = "<group>";
		};
/* End PBXVariantGroup section */

/* Begin XCBuildConfiguration section */
		7AB724D32C5F435E0042184A /* Debug */ = {
			isa = XCBuildConfiguration;
			buildSettings = {
				ALWAYS_SEARCH_USER_PATHS = NO;
				ASSETCATALOG_COMPILER_GENERATE_SWIFT_ASSET_SYMBOL_EXTENSIONS = YES;
				CLANG_ANALYZER_NONNULL = YES;
				CLANG_ANALYZER_NUMBER_OBJECT_CONVERSION = YES_AGGRESSIVE;
				CLANG_CXX_LANGUAGE_STANDARD = "gnu++20";
				CLANG_ENABLE_MODULES = YES;
				CLANG_ENABLE_OBJC_ARC = YES;
				CLANG_ENABLE_OBJC_WEAK = YES;
				CLANG_WARN_BLOCK_CAPTURE_AUTORELEASING = YES;
				CLANG_WARN_BOOL_CONVERSION = YES;
				CLANG_WARN_COMMA = YES;
				CLANG_WARN_CONSTANT_CONVERSION = YES;
				CLANG_WARN_DEPRECATED_OBJC_IMPLEMENTATIONS = YES;
				CLANG_WARN_DIRECT_OBJC_ISA_USAGE = YES_ERROR;
				CLANG_WARN_DOCUMENTATION_COMMENTS = YES;
				CLANG_WARN_EMPTY_BODY = YES;
				CLANG_WARN_ENUM_CONVERSION = YES;
				CLANG_WARN_INFINITE_RECURSION = YES;
				CLANG_WARN_INT_CONVERSION = YES;
				CLANG_WARN_NON_LITERAL_NULL_CONVERSION = YES;
				CLANG_WARN_OBJC_IMPLICIT_RETAIN_SELF = YES;
				CLANG_WARN_OBJC_LITERAL_CONVERSION = YES;
				CLANG_WARN_OBJC_ROOT_CLASS = YES_ERROR;
				CLANG_WARN_QUOTED_INCLUDE_IN_FRAMEWORK_HEADER = YES;
				CLANG_WARN_RANGE_LOOP_ANALYSIS = YES;
				CLANG_WARN_STRICT_PROTOTYPES = YES;
				CLANG_WARN_SUSPICIOUS_MOVE = YES;
				CLANG_WARN_UNGUARDED_AVAILABILITY = YES_AGGRESSIVE;
				CLANG_WARN_UNREACHABLE_CODE = YES;
				CLANG_WARN__DUPLICATE_METHOD_MATCH = YES;
				COPY_PHASE_STRIP = NO;
				DEBUG_INFORMATION_FORMAT = dwarf;
				ENABLE_STRICT_OBJC_MSGSEND = YES;
				ENABLE_TESTABILITY = YES;
				ENABLE_USER_SCRIPT_SANDBOXING = YES;
				GCC_C_LANGUAGE_STANDARD = gnu17;
				GCC_DYNAMIC_NO_PIC = NO;
				GCC_NO_COMMON_BLOCKS = YES;
				GCC_OPTIMIZATION_LEVEL = 0;
				GCC_PREPROCESSOR_DEFINITIONS = (
					"DEBUG=1",
					"$(inherited)",
				);
				GCC_WARN_64_TO_32_BIT_CONVERSION = YES;
				GCC_WARN_ABOUT_RETURN_TYPE = YES_ERROR;
				GCC_WARN_UNDECLARED_SELECTOR = YES;
				GCC_WARN_UNINITIALIZED_AUTOS = YES_AGGRESSIVE;
				GCC_WARN_UNUSED_FUNCTION = YES;
				GCC_WARN_UNUSED_VARIABLE = YES;
				IPHONEOS_DEPLOYMENT_TARGET = 17.0;
				LOCALIZATION_PREFERS_STRING_CATALOGS = YES;
				MTL_ENABLE_DEBUG_INFO = INCLUDE_SOURCE;
				MTL_FAST_MATH = YES;
				ONLY_ACTIVE_ARCH = YES;
				SDKROOT = iphoneos;
				SWIFT_ACTIVE_COMPILATION_CONDITIONS = "DEBUG $(inherited)";
				SWIFT_OPTIMIZATION_LEVEL = "-Onone";
			};
			name = Debug;
		};
		7AB724D42C5F435E0042184A /* Release */ = {
			isa = XCBuildConfiguration;
			buildSettings = {
				ALWAYS_SEARCH_USER_PATHS = NO;
				ASSETCATALOG_COMPILER_GENERATE_SWIFT_ASSET_SYMBOL_EXTENSIONS = YES;
				CLANG_ANALYZER_NONNULL = YES;
				CLANG_ANALYZER_NUMBER_OBJECT_CONVERSION = YES_AGGRESSIVE;
				CLANG_CXX_LANGUAGE_STANDARD = "gnu++20";
				CLANG_ENABLE_MODULES = YES;
				CLANG_ENABLE_OBJC_ARC = YES;
				CLANG_ENABLE_OBJC_WEAK = YES;
				CLANG_WARN_BLOCK_CAPTURE_AUTORELEASING = YES;
				CLANG_WARN_BOOL_CONVERSION = YES;
				CLANG_WARN_COMMA = YES;
				CLANG_WARN_CONSTANT_CONVERSION = YES;
				CLANG_WARN_DEPRECATED_OBJC_IMPLEMENTATIONS = YES;
				CLANG_WARN_DIRECT_OBJC_ISA_USAGE = YES_ERROR;
				CLANG_WARN_DOCUMENTATION_COMMENTS = YES;
				CLANG_WARN_EMPTY_BODY = YES;
				CLANG_WARN_ENUM_CONVERSION = YES;
				CLANG_WARN_INFINITE_RECURSION = YES;
				CLANG_WARN_INT_CONVERSION = YES;
				CLANG_WARN_NON_LITERAL_NULL_CONVERSION = YES;
				CLANG_WARN_OBJC_IMPLICIT_RETAIN_SELF = YES;
				CLANG_WARN_OBJC_LITERAL_CONVERSION = YES;
				CLANG_WARN_OBJC_ROOT_CLASS = YES_ERROR;
				CLANG_WARN_QUOTED_INCLUDE_IN_FRAMEWORK_HEADER = YES;
				CLANG_WARN_RANGE_LOOP_ANALYSIS = YES;
				CLANG_WARN_STRICT_PROTOTYPES = YES;
				CLANG_WARN_SUSPICIOUS_MOVE = YES;
				CLANG_WARN_UNGUARDED_AVAILABILITY = YES_AGGRESSIVE;
				CLANG_WARN_UNREACHABLE_CODE = YES;
				CLANG_WARN__DUPLICATE_METHOD_MATCH = YES;
				COPY_PHASE_STRIP = NO;
				DEBUG_INFORMATION_FORMAT = "dwarf-with-dsym";
				ENABLE_NS_ASSERTIONS = NO;
				ENABLE_STRICT_OBJC_MSGSEND = YES;
				ENABLE_USER_SCRIPT_SANDBOXING = YES;
				GCC_C_LANGUAGE_STANDARD = gnu17;
				GCC_NO_COMMON_BLOCKS = YES;
				GCC_WARN_64_TO_32_BIT_CONVERSION = YES;
				GCC_WARN_ABOUT_RETURN_TYPE = YES_ERROR;
				GCC_WARN_UNDECLARED_SELECTOR = YES;
				GCC_WARN_UNINITIALIZED_AUTOS = YES_AGGRESSIVE;
				GCC_WARN_UNUSED_FUNCTION = YES;
				GCC_WARN_UNUSED_VARIABLE = YES;
				IPHONEOS_DEPLOYMENT_TARGET = 17.0;
				LOCALIZATION_PREFERS_STRING_CATALOGS = YES;
				MTL_ENABLE_DEBUG_INFO = NO;
				MTL_FAST_MATH = YES;
				SDKROOT = iphoneos;
				SWIFT_COMPILATION_MODE = wholemodule;
				VALIDATE_PRODUCT = YES;
			};
			name = Release;
		};
		7AB724D62C5F435E0042184A /* Debug */ = {
			isa = XCBuildConfiguration;
			baseConfigurationReference = 7EF25D5DD08C687945B83EA8 /* Pods-BRCPopUp_Swift.debug.xcconfig */;
			buildSettings = {
				ASSETCATALOG_COMPILER_APPICON_NAME = AppIcon;
				ASSETCATALOG_COMPILER_GLOBAL_ACCENT_COLOR_NAME = AccentColor;
				CODE_SIGN_STYLE = Automatic;
				CURRENT_PROJECT_VERSION = 1;
				DEVELOPMENT_TEAM = JACGLW92PL;
				ENABLE_USER_SCRIPT_SANDBOXING = NO;
				GENERATE_INFOPLIST_FILE = YES;
				INFOPLIST_FILE = BRCPopUp_Swift/Info.plist;
				INFOPLIST_KEY_UIApplicationSupportsIndirectInputEvents = YES;
				INFOPLIST_KEY_UILaunchStoryboardName = LaunchScreen;
				INFOPLIST_KEY_UIMainStoryboardFile = Main;
				INFOPLIST_KEY_UISupportedInterfaceOrientations_iPad = "UIInterfaceOrientationPortrait UIInterfaceOrientationPortraitUpsideDown UIInterfaceOrientationLandscapeLeft UIInterfaceOrientationLandscapeRight";
				INFOPLIST_KEY_UISupportedInterfaceOrientations_iPhone = "UIInterfaceOrientationPortrait UIInterfaceOrientationLandscapeLeft UIInterfaceOrientationLandscapeRight";
				LD_RUNPATH_SEARCH_PATHS = (
					"$(inherited)",
					"@executable_path/Frameworks",
				);
				MARKETING_VERSION = 1.0;
				PRODUCT_BUNDLE_IDENTIFIER = "jaychou.BRCPopUp-Swift";
				PRODUCT_NAME = "$(TARGET_NAME)";
				SWIFT_EMIT_LOC_STRINGS = YES;
				SWIFT_VERSION = 5.0;
				TARGETED_DEVICE_FAMILY = "1,2";
			};
			name = Debug;
		};
		7AB724D72C5F435E0042184A /* Release */ = {
			isa = XCBuildConfiguration;
			baseConfigurationReference = 75770BE9EB850106B3A57C32 /* Pods-BRCPopUp_Swift.release.xcconfig */;
			buildSettings = {
				ASSETCATALOG_COMPILER_APPICON_NAME = AppIcon;
				ASSETCATALOG_COMPILER_GLOBAL_ACCENT_COLOR_NAME = AccentColor;
				CODE_SIGN_STYLE = Automatic;
				CURRENT_PROJECT_VERSION = 1;
				DEVELOPMENT_TEAM = JACGLW92PL;
				ENABLE_USER_SCRIPT_SANDBOXING = NO;
				GENERATE_INFOPLIST_FILE = YES;
				INFOPLIST_FILE = BRCPopUp_Swift/Info.plist;
				INFOPLIST_KEY_UIApplicationSupportsIndirectInputEvents = YES;
				INFOPLIST_KEY_UILaunchStoryboardName = LaunchScreen;
				INFOPLIST_KEY_UIMainStoryboardFile = Main;
				INFOPLIST_KEY_UISupportedInterfaceOrientations_iPad = "UIInterfaceOrientationPortrait UIInterfaceOrientationPortraitUpsideDown UIInterfaceOrientationLandscapeLeft UIInterfaceOrientationLandscapeRight";
				INFOPLIST_KEY_UISupportedInterfaceOrientations_iPhone = "UIInterfaceOrientationPortrait UIInterfaceOrientationLandscapeLeft UIInterfaceOrientationLandscapeRight";
				LD_RUNPATH_SEARCH_PATHS = (
					"$(inherited)",
					"@executable_path/Frameworks",
				);
				MARKETING_VERSION = 1.0;
				PRODUCT_BUNDLE_IDENTIFIER = "jaychou.BRCPopUp-Swift";
				PRODUCT_NAME = "$(TARGET_NAME)";
				SWIFT_EMIT_LOC_STRINGS = YES;
				SWIFT_VERSION = 5.0;
				TARGETED_DEVICE_FAMILY = "1,2";
			};
			name = Release;
		};
/* End XCBuildConfiguration section */

/* Begin XCConfigurationList section */
		7AB724BC2C5F435C0042184A /* Build configuration list for PBXProject "BRCPopUp_Swift" */ = {
			isa = XCConfigurationList;
			buildConfigurations = (
				7AB724D32C5F435E0042184A /* Debug */,
				7AB724D42C5F435E0042184A /* Release */,
			);
			defaultConfigurationIsVisible = 0;
			defaultConfigurationName = Release;
		};
		7AB724D52C5F435E0042184A /* Build configuration list for PBXNativeTarget "BRCPopUp_Swift" */ = {
			isa = XCConfigurationList;
			buildConfigurations = (
				7AB724D62C5F435E0042184A /* Debug */,
				7AB724D72C5F435E0042184A /* Release */,
			);
			defaultConfigurationIsVisible = 0;
			defaultConfigurationName = Release;
		};
/* End XCConfigurationList section */
	};
	rootObject = 7AB724B92C5F435C0042184A /* Project object */;
}
