PODS:
  - BRCPopUp (1.0.0)
  - FLEX (5.22.10)
  - Masonry (1.1.0)
  - MBProgressHUD (1.2.0)
  - SDWebImage (5.19.4):
    - SDWebImage/Core (= 5.19.4)
  - SDWebImage/Core (5.19.4)
  - YYKit (1.0.9):
    - YYKit/no-arc (= 1.0.9)
  - YYKit/no-arc (1.0.9)

DEPENDENCIES:
  - BRCPopUp (from `../../../BRCPopUp`)
  - FLEX
  - Masonry
  - MBProgressHUD
  - SDWebImage
  - YYKit

SPEC REPOS:
  trunk:
    - FLEX
    - Masonry
    - MBProgressHUD
    - SDWebImage
    - YYKit

EXTERNAL SOURCES:
  BRCPopUp:
    :path: "../../../BRCPopUp"

SPEC CHECKSUMS:
  BRCPopUp: dec87fb3229b13c1a66aa319da0e9952e46a83bc
  FLEX: f21ee4f498eed3f8a1eded66b21939fd3b7a22ce
  Masonry: 678fab65091a9290e40e2832a55e7ab731aad201
  MBProgressHUD: 3ee5efcc380f6a79a7cc9b363dd669c5e1ae7406
  SDWebImage: 066c47b573f408f18caa467d71deace7c0f8280d
  YYKit: 7cda43304a8dc3696c449041e2cb3107b4e236e7

PODFILE CHECKSUM: 5ff2190e61daa7b95639b4a3336f75da37ed5313

COCOAPODS: 1.15.2
