PODS:
  - BRCFastTest (0.1.1):
    - FLEX
  - BRCPopUp (1.1.0)
  - FLEX (5.22.10)

DEPENDENCIES:
  - BRCFastTest (from `../../../BRCFastTest`)
  - BRCPopUp (from `../../../BRCPopUp`)

SPEC REPOS:
  trunk:
    - FLEX

EXTERNAL SOURCES:
  BRCFastTest:
    :path: "../../../BRCFastTest"
  BRCPopUp:
    :path: "../../../BRCPopUp"

SPEC CHECKSUMS:
  BRCFastTest: 9fded46000b8bede5061259932cee31e02e23511
  BRCPopUp: 17479a07bf672cfdc44938c1f5e34aa824803cc6
  FLEX: f21ee4f498eed3f8a1eded66b21939fd3b7a22ce

PODFILE CHECKSUM: 8af090508cabeae7a071abb9f9941a6ef69eb661

COCOAPODS: 1.15.2
