PODS:
  - BRCFastTest (0.2.0):
    - FLEX
  - BRCPopUp (1.4.0)
  - FLEX (5.22.10)

DEPENDENCIES:
  - BRCFastTest
  - BRCPopUp (~> 1.4.0)

SPEC REPOS:
  trunk:
    - BRCFastTest
    - BRCPopUp
    - FLEX

SPEC CHECKSUMS:
  BRCFastTest: 86f5d84ee17145ea44a5dfaaf7613b09e43f3e48
  BRCPopUp: 50dbc0ab11a606e21125565add6816ca0bf8bc36
  FLEX: f21ee4f498eed3f8a1eded66b21939fd3b7a22ce

PODFILE CHECKSUM: ad6bd407651f8415d762067a4a086b06691e17f0

COCOAPODS: 1.15.2
